
Microsoft Visual Studio Solution File, Format Version 12.00
# Visual Studio Version 16
VisualStudioVersion = 16.0.32002.261
MinimumVisualStudioVersion = 10.0.40219.1
Project("{FAE04EC0-301F-11D3-BF4B-00C04F79EFBC}") = "SendingMail", "SendingMail.csproj", "{1828AF01-DD3B-41B7-8CC0-3B20CB047AD4}"
EndProject
Global
	GlobalSection(SolutionConfigurationPlatforms) = preSolution
		Debug|Any CPU = Debug|Any CPU
		Release|Any CPU = Release|Any CPU
	EndGlobalSection
	GlobalSection(ProjectConfigurationPlatforms) = postSolution
		{1828AF01-DD3B-41B7-8CC0-3B20CB047AD4}.Debug|Any CPU.ActiveCfg = Debug|Any CPU
		{1828AF01-DD3B-41B7-8CC0-3B20CB047AD4}.Debug|Any CPU.Build.0 = Debug|Any CPU
		{1828AF01-DD3B-41B7-8CC0-3B20CB047AD4}.Release|Any CPU.ActiveCfg = Release|Any CPU
		{1828AF01-DD3B-41B7-8CC0-3B20CB047AD4}.Release|Any CPU.Build.0 = Release|Any CPU
	EndGlobalSection
	GlobalSection(SolutionProperties) = preSolution
		HideSolutionNode = FALSE
	EndGlobalSection
	GlobalSection(ExtensibilityGlobals) = postSolution
		SolutionGuid = {97BAC0A4-23C9-4134-80B4-22F1DDF942C0}
	EndGlobalSection
EndGlobal
